
Microsoft Visual Studio Solution File, Format Version 12.00
# Visual Studio Version 16
VisualStudioVersion = 16.0.30406.217
MinimumVisualStudioVersion = 10.0.40219.1
Project("{FAE04EC0-301F-11D3-BF4B-00C04F79EFBC}") = "FinalExamCSharp", "FinalExamCSharp\FinalExamCSharp.csproj", "{8F2A6735-1221-444D-BB5C-F7616F9F4D42}"
EndProject
Project("{FAE04EC0-301F-11D3-BF4B-00C04F79EFBC}") = "EventAnswer", "EventAnswer\EventAnswer.csproj", "{7CE2A8DF-0725-45D9-8AFA-25D7A8C92508}"
EndProject
Global
	GlobalSection(SolutionConfigurationPlatforms) = preSolution
		Debug|Any CPU = Debug|Any CPU
		Release|Any CPU = Release|Any CPU
	EndGlobalSection
	GlobalSection(ProjectConfigurationPlatforms) = postSolution
		{8F2A6735-1221-444D-BB5C-F7616F9F4D42}.Debug|Any CPU.ActiveCfg = Debug|Any CPU
		{8F2A6735-1221-444D-BB5C-F7616F9F4D42}.Debug|Any CPU.Build.0 = Debug|Any CPU
		{8F2A6735-1221-444D-BB5C-F7616F9F4D42}.Release|Any CPU.ActiveCfg = Release|Any CPU
		{8F2A6735-1221-444D-BB5C-F7616F9F4D42}.Release|Any CPU.Build.0 = Release|Any CPU
		{7CE2A8DF-0725-45D9-8AFA-25D7A8C92508}.Debug|Any CPU.ActiveCfg = Debug|Any CPU
		{7CE2A8DF-0725-45D9-8AFA-25D7A8C92508}.Debug|Any CPU.Build.0 = Debug|Any CPU
		{7CE2A8DF-0725-45D9-8AFA-25D7A8C92508}.Release|Any CPU.ActiveCfg = Release|Any CPU
		{7CE2A8DF-0725-45D9-8AFA-25D7A8C92508}.Release|Any CPU.Build.0 = Release|Any CPU
	EndGlobalSection
	GlobalSection(SolutionProperties) = preSolution
		HideSolutionNode = FALSE
	EndGlobalSection
	GlobalSection(ExtensibilityGlobals) = postSolution
		SolutionGuid = {84622665-6AE8-4269-B1EE-E15D17FFF693}
	EndGlobalSection
EndGlobal
